{
  "version": 4,
  "terraform_version": "1.2.2",
  "serial": 155,
  "lineage": "29cf25b5-99b7-54ad-5c07-6e824016df1c",
  "outputs": {},
  "resources": [
    {
      "mode": "data",
      "type": "hcloud_image",
      "name": "docker_ce",
      "provider": "provider[\"registry.terraform.io/hetznercloud/hcloud\"]",
      "instances": [
        {
          "schema_version": 0,
          "attributes": {
            "created": "2021-06-08T06:22:47Z",
            "deprecated": null,
            "description": "docker-ce",
            "id": 40093247,
            "labels": {},
            "most_recent": null,
            "name": "docker-ce",
            "os_flavor": "ubuntu",
            "os_version": "unknown",
            "rapid_deploy": false,
            "selector": null,
            "type": "app",
            "with_selector": null,
            "with_status": null
          },
          "sensitive_attributes": []
        }
      ]
    },
    {
      "mode": "managed",
      "type": "hcloud_firewall",
      "name": "firewall-web",
      "provider": "provider[\"registry.terraform.io/hetznercloud/hcloud\"]",
      "instances": [
        {
          "schema_version": 0,
          "attributes": {
            "apply_to": [],
            "id": "432783",
            "labels": {},
            "name": "firewall-web",
            "rule": [
              {
                "description": "",
                "destination_ips": [],
                "direction": "in",
                "port": "22",
                "protocol": "tcp",
                "source_ips": [
                  "37.24.173.245/32"
                ]
              },
              {
                "description": "",
                "destination_ips": [],
                "direction": "in",
                "port": "80",
                "protocol": "tcp",
                "source_ips": [
                  "0.0.0.0/0",
                  "::/0"
                ]
              }
            ]
          },
          "sensitive_attributes": [],
          "private": "bnVsbA=="
        }
      ]
    },
    {
      "mode": "managed",
      "type": "hcloud_network",
      "name": "network",
      "provider": "provider[\"registry.terraform.io/hetznercloud/hcloud\"]",
      "instances": [
        {
          "schema_version": 0,
          "attributes": {
            "delete_protection": false,
            "id": "1768526",
            "ip_range": "10.0.0.0/16",
            "labels": null,
            "name": "network"
          },
          "sensitive_attributes": [],
          "private": "bnVsbA=="
        }
      ]
    },
    {
      "mode": "managed",
      "type": "hcloud_network_subnet",
      "name": "network-subnet",
      "provider": "provider[\"registry.terraform.io/hetznercloud/hcloud\"]",
      "instances": [
        {
          "schema_version": 0,
          "attributes": {
            "gateway": "10.0.0.1",
            "id": "1768526-10.0.1.0/24",
            "ip_range": "10.0.1.0/24",
            "network_id": 1768526,
            "network_zone": "eu-central",
            "type": "cloud",
            "vswitch_id": null
          },
          "sensitive_attributes": [],
          "private": "bnVsbA==",
          "dependencies": [
            "hcloud_network.network"
          ]
        }
      ]
    },
    {
      "mode": "managed",
      "type": "hcloud_server",
      "name": "docker_manager_01",
      "provider": "provider[\"registry.terraform.io/hetznercloud/hcloud\"]",
      "instances": [
        {
          "schema_version": 0,
          "attributes": {
            "backup_window": "",
            "backups": false,
            "datacenter": "nbg1-dc3",
            "delete_protection": false,
            "firewall_ids": [
              432783
            ],
            "id": "21562681",
            "ignore_remote_firewall_ids": false,
            "image": "docker-ce",
            "ipv4_address": "159.69.83.235",
            "ipv6_address": "2a01:4f8:c2c:3cd1::1",
            "ipv6_network": "2a01:4f8:c2c:3cd1::/64",
            "iso": null,
            "keep_disk": false,
            "labels": null,
            "location": "nbg1",
            "name": "dockermanager01",
            "network": [
              {
                "alias_ips": [],
                "ip": "10.0.1.10",
                "mac_address": "86:00:00:15:b7:9d",
                "network_id": 1768526
              }
            ],
            "placement_group_id": null,
            "rebuild_protection": false,
            "rescue": null,
            "server_type": "cx11",
            "ssh_keys": [
              "6904488"
            ],
            "status": "running",
            "timeouts": null,
            "user_data": null
          },
          "sensitive_attributes": [],
          "private": "eyJlMmJmYjczMC1lY2FhLTExZTYtOGY4OC0zNDM2M2JjN2M0YzAiOnsiY3JlYXRlIjo1NDAwMDAwMDAwMDAwfX0=",
          "dependencies": [
            "data.hcloud_image.docker_ce",
            "hcloud_firewall.firewall-web",
            "hcloud_network.network",
            "hcloud_network_subnet.network-subnet",
            "hcloud_ssh_key.scoletti"
          ]
        }
      ]
    },
    {
      "mode": "managed",
      "type": "hcloud_server",
      "name": "docker_node_01",
      "provider": "provider[\"registry.terraform.io/hetznercloud/hcloud\"]",
      "instances": [
        {
          "schema_version": 0,
          "attributes": {
            "backup_window": "",
            "backups": false,
            "datacenter": "nbg1-dc3",
            "delete_protection": false,
            "firewall_ids": [
              432783
            ],
            "id": "21562680",
            "ignore_remote_firewall_ids": false,
            "image": "docker-ce",
            "ipv4_address": "49.12.225.118",
            "ipv6_address": "2a01:4f8:c0c:4ab8::1",
            "ipv6_network": "2a01:4f8:c0c:4ab8::/64",
            "iso": null,
            "keep_disk": false,
            "labels": null,
            "location": "nbg1",
            "name": "dockernode01",
            "network": [
              {
                "alias_ips": [],
                "ip": "10.0.1.11",
                "mac_address": "86:00:00:15:b7:9f",
                "network_id": 1768526
              }
            ],
            "placement_group_id": null,
            "rebuild_protection": false,
            "rescue": null,
            "server_type": "cx11",
            "ssh_keys": [
              "6904488"
            ],
            "status": "running",
            "timeouts": null,
            "user_data": null
          },
          "sensitive_attributes": [],
          "private": "eyJlMmJmYjczMC1lY2FhLTExZTYtOGY4OC0zNDM2M2JjN2M0YzAiOnsiY3JlYXRlIjo1NDAwMDAwMDAwMDAwfX0=",
          "dependencies": [
            "data.hcloud_image.docker_ce",
            "hcloud_firewall.firewall-web",
            "hcloud_network.network",
            "hcloud_network_subnet.network-subnet",
            "hcloud_ssh_key.scoletti"
          ]
        }
      ]
    },
    {
      "mode": "managed",
      "type": "hcloud_server",
      "name": "docker_node_02",
      "provider": "provider[\"registry.terraform.io/hetznercloud/hcloud\"]",
      "instances": [
        {
          "schema_version": 0,
          "attributes": {
            "backup_window": "",
            "backups": false,
            "datacenter": "nbg1-dc3",
            "delete_protection": false,
            "firewall_ids": [
              432783
            ],
            "id": "21562682",
            "ignore_remote_firewall_ids": false,
            "image": "docker-ce",
            "ipv4_address": "94.130.172.255",
            "ipv6_address": "2a01:4f8:c0c:6ea8::1",
            "ipv6_network": "2a01:4f8:c0c:6ea8::/64",
            "iso": null,
            "keep_disk": false,
            "labels": null,
            "location": "nbg1",
            "name": "dockernode02",
            "network": [
              {
                "alias_ips": [],
                "ip": "10.0.1.12",
                "mac_address": "86:00:00:15:b7:9e",
                "network_id": 1768526
              }
            ],
            "placement_group_id": null,
            "rebuild_protection": false,
            "rescue": null,
            "server_type": "cx11",
            "ssh_keys": [
              "6904488"
            ],
            "status": "running",
            "timeouts": null,
            "user_data": null
          },
          "sensitive_attributes": [],
          "private": "eyJlMmJmYjczMC1lY2FhLTExZTYtOGY4OC0zNDM2M2JjN2M0YzAiOnsiY3JlYXRlIjo1NDAwMDAwMDAwMDAwfX0=",
          "dependencies": [
            "data.hcloud_image.docker_ce",
            "hcloud_firewall.firewall-web",
            "hcloud_network.network",
            "hcloud_network_subnet.network-subnet",
            "hcloud_ssh_key.scoletti"
          ]
        }
      ]
    },
    {
      "mode": "managed",
      "type": "hcloud_ssh_key",
      "name": "scoletti",
      "provider": "provider[\"registry.terraform.io/hetznercloud/hcloud\"]",
      "instances": [
        {
          "schema_version": 0,
          "attributes": {
            "fingerprint": "f0:31:b9:35:42:5d:77:cb:2b:19:3b:2b:b9:de:42:b9",
            "id": "6904488",
            "labels": null,
            "name": "MacBook Pro Sandro",
            "public_key": "ssh-ed25519 AAAAC3NzaC1lZDI1NTE5AAAAIFb+gVn3dR8G5NkowrZ4RlpeA2FukPRCc18xKdAcfTro scoletti@stigits.com\n"
          },
          "sensitive_attributes": [],
          "private": "bnVsbA=="
        }
      ]
    }
  ]
}
